{
  "name": "nodejs-aws-cdk-starter",
  "version": "1.0.0",
  "lockfileVersion": 3,
  "requires": true,
  "packages": {
    "": {
      "name": "nodejs-aws-cdk-starter",
      "version": "1.0.0",
      "license": "ISC",
      "dependencies": {
        "@aws-cdk/aws-cloudfront": "^1.94.1",
        "@aws-cdk/aws-iam": "^1.94.1",
        "@aws-cdk/aws-s3": "^1.94.1",
        "@aws-cdk/aws-s3-deployment": "^1.94.1",
        "@aws-cdk/core": "^1.94.1",
        "aws-cdk": "^1.94.1"
      },
      "devDependencies": {
        "@types/node": "^10.17.0",
        "aws-cdk": "^1.94.1",
        "typescript": "^3.8"
      }
    },
    "node_modules/@aws-cdk/assets": {
      "version": "1.191.0",
      "resolved": "https://registry.npmjs.org/@aws-cdk/assets/-/assets-1.191.0.tgz",
      "integrity": "sha512-L4IRVjVffHdDONavcXIQ5gHVM4c4PRfWcSyTZBPl+gznw8++76IpLsjCTwvUw1HeEV7ADAU7XP7Uche8R1M03A==",
      "dependencies": {
        "@aws-cdk/core": "1.191.0",
        "@aws-cdk/cx-api": "1.191.0",
        "constructs": "^3.3.69"
      },
      "engines": {
        "node": ">= 14.15.0"
      },
      "peerDependencies": {
        "@aws-cdk/core": "1.191.0",
        "@aws-cdk/cx-api": "1.191.0",
        "constructs": "^3.3.69"
      }
    },
    "node_modules/@aws-cdk/aws-acmpca": {
      "version": "1.191.0",
      "resolved": "https://registry.npmjs.org/@aws-cdk/aws-acmpca/-/aws-acmpca-1.191.0.tgz",
      "integrity": "sha512-mLDLS6lvyL9lLAP1dsXSxgFbfAfz8LGGKkAHzbQhBNxdr2ABZZvO24KTmVcBMXh6nYCeom4XUoKhdn/aCDZgsw==",
      "dependencies": {
        "@aws-cdk/core": "1.191.0",
        "constructs": "^3.3.69"
      },
      "engines": {
        "node": ">= 14.15.0"
      },
      "peerDependencies": {
        "@aws-cdk/core": "1.191.0",
        "constructs": "^3.3.69"
      }
    },
    "node_modules/@aws-cdk/aws-applicationautoscaling": {
      "version": "1.191.0",
      "resolved": "https://registry.npmjs.org/@aws-cdk/aws-applicationautoscaling/-/aws-applicationautoscaling-1.191.0.tgz",
      "integrity": "sha512-ojECeKDGr+6SOga/+NWYZLP0yp6+b2FQX4LqjPZdRA1hXkMQZH+ONg5vyToAhWAAwytLDgeUbGpZdDdFKys5gA==",
      "dependencies": {
        "@aws-cdk/aws-autoscaling-common": "1.191.0",
        "@aws-cdk/aws-cloudwatch": "1.191.0",
        "@aws-cdk/aws-iam": "1.191.0",
        "@aws-cdk/core": "1.191.0",
        "constructs": "^3.3.69"
      },
      "engines": {
        "node": ">= 14.15.0"
      },
      "peerDependencies": {
        "@aws-cdk/aws-autoscaling-common": "1.191.0",
        "@aws-cdk/aws-cloudwatch": "1.191.0",
        "@aws-cdk/aws-iam": "1.191.0",
        "@aws-cdk/core": "1.191.0",
        "constructs": "^3.3.69"
      }
    },
    "node_modules/@aws-cdk/aws-autoscaling-common": {
      "version": "1.191.0",
      "resolved": "https://registry.npmjs.org/@aws-cdk/aws-autoscaling-common/-/aws-autoscaling-common-1.191.0.tgz",
      "integrity": "sha512-L7cop9ZZg2UsofkG7U9PVTy87g/hyycmt2F6SBacDQYVyUQ9Ir5eJzR8xjGdMUs3yxsLUAdwEhqpJJnC5blBig==",
      "dependencies": {
        "@aws-cdk/aws-iam": "1.191.0",
        "@aws-cdk/core": "1.191.0",
        "constructs": "^3.3.69"
      },
      "engines": {
        "node": ">= 14.15.0"
      },
      "peerDependencies": {
        "@aws-cdk/aws-iam": "1.191.0",
        "@aws-cdk/core": "1.191.0",
        "constructs": "^3.3.69"
      }
    },
    "node_modules/@aws-cdk/aws-certificatemanager": {
      "version": "1.191.0",
      "resolved": "https://registry.npmjs.org/@aws-cdk/aws-certificatemanager/-/aws-certificatemanager-1.191.0.tgz",
      "integrity": "sha512-eW0uPJSNzeRSzL8KboQw2Gxxo9fJchUDK4HDhuw+okGmQwrpg7HcQY8Z6rtr7sBQX16o3xlicRkiW0wctVQXHw==",
      "dependencies": {
        "@aws-cdk/aws-acmpca": "1.191.0",
        "@aws-cdk/aws-cloudwatch": "1.191.0",
        "@aws-cdk/aws-iam": "1.191.0",
        "@aws-cdk/aws-lambda": "1.191.0",
        "@aws-cdk/aws-route53": "1.191.0",
        "@aws-cdk/core": "1.191.0",
        "constructs": "^3.3.69"
      },
      "engines": {
        "node": ">= 14.15.0"
      },
      "peerDependencies": {
        "@aws-cdk/aws-acmpca": "1.191.0",
        "@aws-cdk/aws-cloudwatch": "1.191.0",
        "@aws-cdk/aws-iam": "1.191.0",
        "@aws-cdk/aws-lambda": "1.191.0",
        "@aws-cdk/aws-route53": "1.191.0",
        "@aws-cdk/core": "1.191.0",
        "constructs": "^3.3.69"
      }
    },
    "node_modules/@aws-cdk/aws-cloudformation": {
      "version": "1.191.0",
      "resolved": "https://registry.npmjs.org/@aws-cdk/aws-cloudformation/-/aws-cloudformation-1.191.0.tgz",
      "integrity": "sha512-n5j9yridks9Fwfd03NNO75fM34wqWWt1+FyXKr4WJOJRD4Lktuziq25wzgLBSVZCFmBIEv3TlMcnxB1tTB4Qqw==",
      "dependencies": {
        "@aws-cdk/aws-iam": "1.191.0",
        "@aws-cdk/aws-lambda": "1.191.0",
        "@aws-cdk/aws-s3": "1.191.0",
        "@aws-cdk/aws-sns": "1.191.0",
        "@aws-cdk/core": "1.191.0",
        "@aws-cdk/cx-api": "1.191.0",
        "constructs": "^3.3.69"
      },
      "engines": {
        "node": ">= 14.15.0"
      },
      "peerDependencies": {
        "@aws-cdk/aws-iam": "1.191.0",
        "@aws-cdk/aws-lambda": "1.191.0",
        "@aws-cdk/aws-s3": "1.191.0",
        "@aws-cdk/aws-sns": "1.191.0",
        "@aws-cdk/core": "1.191.0",
        "@aws-cdk/cx-api": "1.191.0",
        "constructs": "^3.3.69"
      }
    },
    "node_modules/@aws-cdk/aws-cloudfront": {
      "version": "1.191.0",
      "resolved": "https://registry.npmjs.org/@aws-cdk/aws-cloudfront/-/aws-cloudfront-1.191.0.tgz",
      "integrity": "sha512-9v4ztNOrD46cVvMl520Oexj4AaF2m/pfjOtiTyyoSmLWpGKv7mmGc87Wy6ozckeFgy9A3CrA01WEuvWYoyRwaw==",
      "dependencies": {
        "@aws-cdk/aws-certificatemanager": "1.191.0",
        "@aws-cdk/aws-cloudwatch": "1.191.0",
        "@aws-cdk/aws-ec2": "1.191.0",
        "@aws-cdk/aws-iam": "1.191.0",
        "@aws-cdk/aws-kms": "1.191.0",
        "@aws-cdk/aws-lambda": "1.191.0",
        "@aws-cdk/aws-s3": "1.191.0",
        "@aws-cdk/aws-ssm": "1.191.0",
        "@aws-cdk/core": "1.191.0",
        "@aws-cdk/cx-api": "1.191.0",
        "constructs": "^3.3.69"
      },
      "engines": {
        "node": ">= 14.15.0"
      },
      "peerDependencies": {
        "@aws-cdk/aws-certificatemanager": "1.191.0",
        "@aws-cdk/aws-cloudwatch": "1.191.0",
        "@aws-cdk/aws-ec2": "1.191.0",
        "@aws-cdk/aws-iam": "1.191.0",
        "@aws-cdk/aws-kms": "1.191.0",
        "@aws-cdk/aws-lambda": "1.191.0",
        "@aws-cdk/aws-s3": "1.191.0",
        "@aws-cdk/aws-ssm": "1.191.0",
        "@aws-cdk/core": "1.191.0",
        "@aws-cdk/cx-api": "1.191.0",
        "constructs": "^3.3.69"
      }
    },
    "node_modules/@aws-cdk/aws-cloudwatch": {
      "version": "1.191.0",
      "resolved": "https://registry.npmjs.org/@aws-cdk/aws-cloudwatch/-/aws-cloudwatch-1.191.0.tgz",
      "integrity": "sha512-wZRDyohBXtKVwSM1dUSGXGPdAkYE8Q4h7dN/MjZRH6XsVyLT1YrFrPjqMbL6TAKRun+6tnpRINPskB0MsqWqxg==",
      "dependencies": {
        "@aws-cdk/aws-iam": "1.191.0",
        "@aws-cdk/core": "1.191.0",
        "constructs": "^3.3.69"
      },
      "engines": {
        "node": ">= 14.15.0"
      },
      "peerDependencies": {
        "@aws-cdk/aws-iam": "1.191.0",
        "@aws-cdk/core": "1.191.0",
        "constructs": "^3.3.69"
      }
    },
    "node_modules/@aws-cdk/aws-codeguruprofiler": {
      "version": "1.191.0",
      "resolved": "https://registry.npmjs.org/@aws-cdk/aws-codeguruprofiler/-/aws-codeguruprofiler-1.191.0.tgz",
      "integrity": "sha512-dVFjzwXOvLgvXdj1HsZg8ntBvrSiPLWYskNw53PxdWIyYd9Ma1IH8e4pSYbUfbLBmz5AN6cSkNrhFSYFg4wG6w==",
      "dependencies": {
        "@aws-cdk/aws-iam": "1.191.0",
        "@aws-cdk/core": "1.191.0",
        "constructs": "^3.3.69"
      },
      "engines": {
        "node": ">= 14.15.0"
      },
      "peerDependencies": {
        "@aws-cdk/aws-iam": "1.191.0",
        "@aws-cdk/core": "1.191.0",
        "constructs": "^3.3.69"
      }
    },
    "node_modules/@aws-cdk/aws-codestarnotifications": {
      "version": "1.191.0",
      "resolved": "https://registry.npmjs.org/@aws-cdk/aws-codestarnotifications/-/aws-codestarnotifications-1.191.0.tgz",
      "integrity": "sha512-r36fr58DmOpDpW9dc2YLR/ruMU1bpoP8ppx8WIfkSjgGKAk6hSHAb82Dk9wSG51lgJlJWDlH1wR+Y7jLFlRd7g==",
      "dependencies": {
        "@aws-cdk/core": "1.191.0",
        "constructs": "^3.3.69"
      },
      "engines": {
        "node": ">= 14.15.0"
      },
      "peerDependencies": {
        "@aws-cdk/core": "1.191.0",
        "constructs": "^3.3.69"
      }
    },
    "node_modules/@aws-cdk/aws-ec2": {
      "version": "1.191.0",
      "resolved": "https://registry.npmjs.org/@aws-cdk/aws-ec2/-/aws-ec2-1.191.0.tgz",
      "integrity": "sha512-UjrZ1TklcjxriWlilWbqWsFVxdy0nNzM71Tl6d6qRCZ1WUl1mRlx8GSoAYz2nkbVER5QuZ1EdUXtz8/GdmTdiw==",
      "dependencies": {
        "@aws-cdk/aws-cloudwatch": "1.191.0",
        "@aws-cdk/aws-iam": "1.191.0",
        "@aws-cdk/aws-kms": "1.191.0",
        "@aws-cdk/aws-logs": "1.191.0",
        "@aws-cdk/aws-s3": "1.191.0",
        "@aws-cdk/aws-s3-assets": "1.191.0",
        "@aws-cdk/aws-ssm": "1.191.0",
        "@aws-cdk/cloud-assembly-schema": "1.191.0",
        "@aws-cdk/core": "1.191.0",
        "@aws-cdk/cx-api": "1.191.0",
        "@aws-cdk/region-info": "1.191.0",
        "constructs": "^3.3.69"
      },
      "engines": {
        "node": ">= 14.15.0"
      },
      "peerDependencies": {
        "@aws-cdk/aws-cloudwatch": "1.191.0",
        "@aws-cdk/aws-iam": "1.191.0",
        "@aws-cdk/aws-kms": "1.191.0",
        "@aws-cdk/aws-logs": "1.191.0",
        "@aws-cdk/aws-s3": "1.191.0",
        "@aws-cdk/aws-s3-assets": "1.191.0",
        "@aws-cdk/aws-ssm": "1.191.0",
        "@aws-cdk/cloud-assembly-schema": "1.191.0",
        "@aws-cdk/core": "1.191.0",
        "@aws-cdk/cx-api": "1.191.0",
        "@aws-cdk/region-info": "1.191.0",
        "constructs": "^3.3.69"
      }
    },
    "node_modules/@aws-cdk/aws-ecr": {
      "version": "1.191.0",
      "resolved": "https://registry.npmjs.org/@aws-cdk/aws-ecr/-/aws-ecr-1.191.0.tgz",
      "integrity": "sha512-R+lLR/3D/uklOwV4JV5eznUtqQWxaa0qbOfJNzX2SsR7fa2RpZJmqjj/6fxPehDgsxBEduwAVF6KkF+y+eDPBA==",
      "dependencies": {
        "@aws-cdk/aws-events": "1.191.0",
        "@aws-cdk/aws-iam": "1.191.0",
        "@aws-cdk/aws-kms": "1.191.0",
        "@aws-cdk/core": "1.191.0",
        "constructs": "^3.3.69"
      },
      "engines": {
        "node": ">= 14.15.0"
      },
      "peerDependencies": {
        "@aws-cdk/aws-events": "1.191.0",
        "@aws-cdk/aws-iam": "1.191.0",
        "@aws-cdk/aws-kms": "1.191.0",
        "@aws-cdk/core": "1.191.0",
        "constructs": "^3.3.69"
      }
    },
    "node_modules/@aws-cdk/aws-ecr-assets": {
      "version": "1.191.0",
      "resolved": "https://registry.npmjs.org/@aws-cdk/aws-ecr-assets/-/aws-ecr-assets-1.191.0.tgz",
      "integrity": "sha512-tzsHU+rRqQWBhGedOjyNCyhi6E6b/qaRuPySx/l+9rhrNattvC6is4jPN1efqsP5X1HYSEYuknfJN0KrtnWbuA==",
      "dependencies": {
        "@aws-cdk/assets": "1.191.0",
        "@aws-cdk/aws-ecr": "1.191.0",
        "@aws-cdk/aws-iam": "1.191.0",
        "@aws-cdk/aws-s3": "1.191.0",
        "@aws-cdk/core": "1.191.0",
        "@aws-cdk/cx-api": "1.191.0",
        "constructs": "^3.3.69"
      },
      "engines": {
        "node": ">= 14.15.0"
      },
      "peerDependencies": {
        "@aws-cdk/assets": "1.191.0",
        "@aws-cdk/aws-ecr": "1.191.0",
        "@aws-cdk/aws-iam": "1.191.0",
        "@aws-cdk/aws-s3": "1.191.0",
        "@aws-cdk/core": "1.191.0",
        "@aws-cdk/cx-api": "1.191.0",
        "constructs": "^3.3.69"
      }
    },
    "node_modules/@aws-cdk/aws-efs": {
      "version": "1.191.0",
      "resolved": "https://registry.npmjs.org/@aws-cdk/aws-efs/-/aws-efs-1.191.0.tgz",
      "integrity": "sha512-4TPnHU7loH8HIzq7QalBE23WgB4la/pF9HcRdn6Mf3TRet0BpFMoozNyUtCFXOFvE+c5sqY2ILo72bWmL0NWdw==",
      "dependencies": {
        "@aws-cdk/aws-ec2": "1.191.0",
        "@aws-cdk/aws-iam": "1.191.0",
        "@aws-cdk/aws-kms": "1.191.0",
        "@aws-cdk/cloud-assembly-schema": "1.191.0",
        "@aws-cdk/core": "1.191.0",
        "@aws-cdk/cx-api": "1.191.0",
        "constructs": "^3.3.69"
      },
      "engines": {
        "node": ">= 14.15.0"
      },
      "peerDependencies": {
        "@aws-cdk/aws-ec2": "1.191.0",
        "@aws-cdk/aws-iam": "1.191.0",
        "@aws-cdk/aws-kms": "1.191.0",
        "@aws-cdk/cloud-assembly-schema": "1.191.0",
        "@aws-cdk/core": "1.191.0",
        "@aws-cdk/cx-api": "1.191.0",
        "constructs": "^3.3.69"
      }
    },
    "node_modules/@aws-cdk/aws-events": {
      "version": "1.191.0",
      "resolved": "https://registry.npmjs.org/@aws-cdk/aws-events/-/aws-events-1.191.0.tgz",
      "integrity": "sha512-r6F0QlExXd2LIG1GpjKVQl5bGjvgRHfshi9U9G+V3VaAcRtHRCAlaCX60X0GGYo+sB0MJd5B2CoCC37CT8Znyw==",
      "dependencies": {
        "@aws-cdk/aws-iam": "1.191.0",
        "@aws-cdk/core": "1.191.0",
        "constructs": "^3.3.69"
      },
      "engines": {
        "node": ">= 14.15.0"
      },
      "peerDependencies": {
        "@aws-cdk/aws-iam": "1.191.0",
        "@aws-cdk/core": "1.191.0",
        "constructs": "^3.3.69"
      }
    },
    "node_modules/@aws-cdk/aws-iam": {
      "version": "1.191.0",
      "resolved": "https://registry.npmjs.org/@aws-cdk/aws-iam/-/aws-iam-1.191.0.tgz",
      "integrity": "sha512-qSjhMVaLzuP5iGFHhmg2NxMph0OeGk5NjDeccCrlafPgYkG1bpm1VOWwouTc1hgFoEX2qtYlGdvzHT97cyOL7w==",
      "dependencies": {
        "@aws-cdk/core": "1.191.0",
        "@aws-cdk/cx-api": "1.191.0",
        "@aws-cdk/region-info": "1.191.0",
        "constructs": "^3.3.69"
      },
      "engines": {
        "node": ">= 14.15.0"
      },
      "peerDependencies": {
        "@aws-cdk/core": "1.191.0",
        "@aws-cdk/region-info": "1.191.0",
        "constructs": "^3.3.69"
      }
    },
    "node_modules/@aws-cdk/aws-kms": {
      "version": "1.191.0",
      "resolved": "https://registry.npmjs.org/@aws-cdk/aws-kms/-/aws-kms-1.191.0.tgz",
      "integrity": "sha512-il//DVK+nJcl3MseaN1qPv3yANr1TOVM3OijTzlx8Uob7Yc+enxBg0WHg2LcUeEOlaep1+lS6nh3xmoehG12VA==",
      "dependencies": {
        "@aws-cdk/aws-iam": "1.191.0",
        "@aws-cdk/cloud-assembly-schema": "1.191.0",
        "@aws-cdk/core": "1.191.0",
        "@aws-cdk/cx-api": "1.191.0",
        "constructs": "^3.3.69"
      },
      "engines": {
        "node": ">= 14.15.0"
      },
      "peerDependencies": {
        "@aws-cdk/aws-iam": "1.191.0",
        "@aws-cdk/cloud-assembly-schema": "1.191.0",
        "@aws-cdk/core": "1.191.0",
        "@aws-cdk/cx-api": "1.191.0",
        "constructs": "^3.3.69"
      }
    },
    "node_modules/@aws-cdk/aws-lambda": {
      "version": "1.191.0",
      "resolved": "https://registry.npmjs.org/@aws-cdk/aws-lambda/-/aws-lambda-1.191.0.tgz",
      "integrity": "sha512-+7TImOKmk6rjYkTIwMZpAtSvBDQKENeZv7HNgk6GYV8//8+ETHPfh8sScV3rlqFuVOltp8uhpAcfPQV3zyOhHg==",
      "dependencies": {
        "@aws-cdk/aws-applicationautoscaling": "1.191.0",
        "@aws-cdk/aws-cloudwatch": "1.191.0",
        "@aws-cdk/aws-codeguruprofiler": "1.191.0",
        "@aws-cdk/aws-ec2": "1.191.0",
        "@aws-cdk/aws-ecr": "1.191.0",
        "@aws-cdk/aws-ecr-assets": "1.191.0",
        "@aws-cdk/aws-efs": "1.191.0",
        "@aws-cdk/aws-events": "1.191.0",
        "@aws-cdk/aws-iam": "1.191.0",
        "@aws-cdk/aws-kms": "1.191.0",
        "@aws-cdk/aws-logs": "1.191.0",
        "@aws-cdk/aws-s3": "1.191.0",
        "@aws-cdk/aws-s3-assets": "1.191.0",
        "@aws-cdk/aws-signer": "1.191.0",
        "@aws-cdk/aws-sns": "1.191.0",
        "@aws-cdk/aws-sqs": "1.191.0",
        "@aws-cdk/core": "1.191.0",
        "@aws-cdk/cx-api": "1.191.0",
        "@aws-cdk/region-info": "1.191.0",
        "constructs": "^3.3.69"
      },
      "engines": {
        "node": ">= 14.15.0"
      },
      "peerDependencies": {
        "@aws-cdk/aws-applicationautoscaling": "1.191.0",
        "@aws-cdk/aws-cloudwatch": "1.191.0",
        "@aws-cdk/aws-codeguruprofiler": "1.191.0",
        "@aws-cdk/aws-ec2": "1.191.0",
        "@aws-cdk/aws-ecr": "1.191.0",
        "@aws-cdk/aws-ecr-assets": "1.191.0",
        "@aws-cdk/aws-efs": "1.191.0",
        "@aws-cdk/aws-events": "1.191.0",
        "@aws-cdk/aws-iam": "1.191.0",
        "@aws-cdk/aws-kms": "1.191.0",
        "@aws-cdk/aws-logs": "1.191.0",
        "@aws-cdk/aws-s3": "1.191.0",
        "@aws-cdk/aws-s3-assets": "1.191.0",
        "@aws-cdk/aws-signer": "1.191.0",
        "@aws-cdk/aws-sns": "1.191.0",
        "@aws-cdk/aws-sqs": "1.191.0",
        "@aws-cdk/core": "1.191.0",
        "@aws-cdk/cx-api": "1.191.0",
        "@aws-cdk/region-info": "1.191.0",
        "constructs": "^3.3.69"
      }
    },
    "node_modules/@aws-cdk/aws-logs": {
      "version": "1.191.0",
      "resolved": "https://registry.npmjs.org/@aws-cdk/aws-logs/-/aws-logs-1.191.0.tgz",
      "integrity": "sha512-OQrbVR9gBY9DC9LF4tqJDP3UwcjX3AXSTwzgXaDVnsIfCMDv+FOtzdYme9xhoNF4mphUenUjI280Bx9tac2Zmg==",
      "dependencies": {
        "@aws-cdk/aws-cloudwatch": "1.191.0",
        "@aws-cdk/aws-iam": "1.191.0",
        "@aws-cdk/aws-kms": "1.191.0",
        "@aws-cdk/aws-s3-assets": "1.191.0",
        "@aws-cdk/core": "1.191.0",
        "@aws-cdk/cx-api": "1.191.0",
        "constructs": "^3.3.69"
      },
      "engines": {
        "node": ">= 14.15.0"
      },
      "peerDependencies": {
        "@aws-cdk/aws-cloudwatch": "1.191.0",
        "@aws-cdk/aws-iam": "1.191.0",
        "@aws-cdk/aws-kms": "1.191.0",
        "@aws-cdk/aws-s3-assets": "1.191.0",
        "@aws-cdk/core": "1.191.0",
        "@aws-cdk/cx-api": "1.191.0",
        "constructs": "^3.3.69"
      }
    },
    "node_modules/@aws-cdk/aws-route53": {
      "version": "1.191.0",
      "resolved": "https://registry.npmjs.org/@aws-cdk/aws-route53/-/aws-route53-1.191.0.tgz",
      "integrity": "sha512-hXDYkhA3Y4z4Kyl6tQ53Y4AuiBJnn7kh34Yb8Ia+qGh+sTaC2fiPbALz6/7NSMaJOI39V+aAMxauKp/CLwmXWA==",
      "dependencies": {
        "@aws-cdk/aws-ec2": "1.191.0",
        "@aws-cdk/aws-iam": "1.191.0",
        "@aws-cdk/aws-logs": "1.191.0",
        "@aws-cdk/cloud-assembly-schema": "1.191.0",
        "@aws-cdk/core": "1.191.0",
        "@aws-cdk/custom-resources": "1.191.0",
        "constructs": "^3.3.69"
      },
      "engines": {
        "node": ">= 14.15.0"
      },
      "peerDependencies": {
        "@aws-cdk/aws-ec2": "1.191.0",
        "@aws-cdk/aws-iam": "1.191.0",
        "@aws-cdk/aws-logs": "1.191.0",
        "@aws-cdk/cloud-assembly-schema": "1.191.0",
        "@aws-cdk/core": "1.191.0",
        "@aws-cdk/custom-resources": "1.191.0",
        "constructs": "^3.3.69"
      }
    },
    "node_modules/@aws-cdk/aws-s3": {
      "version": "1.191.0",
      "resolved": "https://registry.npmjs.org/@aws-cdk/aws-s3/-/aws-s3-1.191.0.tgz",
      "integrity": "sha512-wW1c36bti0u38JajbTiN2hmnYiQ8uwS1gBOeVmq/wfZ9BKsgnZOyeMZCa1EYWuSSN4FMmVEthN3md75IzcGKPg==",
      "dependencies": {
        "@aws-cdk/aws-events": "1.191.0",
        "@aws-cdk/aws-iam": "1.191.0",
        "@aws-cdk/aws-kms": "1.191.0",
        "@aws-cdk/core": "1.191.0",
        "@aws-cdk/cx-api": "1.191.0",
        "constructs": "^3.3.69"
      },
      "engines": {
        "node": ">= 14.15.0"
      },
      "peerDependencies": {
        "@aws-cdk/aws-events": "1.191.0",
        "@aws-cdk/aws-iam": "1.191.0",
        "@aws-cdk/aws-kms": "1.191.0",
        "@aws-cdk/core": "1.191.0",
        "@aws-cdk/cx-api": "1.191.0",
        "constructs": "^3.3.69"
      }
    },
    "node_modules/@aws-cdk/aws-s3-assets": {
      "version": "1.191.0",
      "resolved": "https://registry.npmjs.org/@aws-cdk/aws-s3-assets/-/aws-s3-assets-1.191.0.tgz",
      "integrity": "sha512-9mieOxatGOxNl9F8BnX8dYfAvq1gFd3yp74PnIOfa9Vlnc5UR05IjUFcdvwpsx9QMWczF8ABGQ1hlMsP6xR2UQ==",
      "dependencies": {
        "@aws-cdk/assets": "1.191.0",
        "@aws-cdk/aws-iam": "1.191.0",
        "@aws-cdk/aws-kms": "1.191.0",
        "@aws-cdk/aws-s3": "1.191.0",
        "@aws-cdk/core": "1.191.0",
        "@aws-cdk/cx-api": "1.191.0",
        "constructs": "^3.3.69"
      },
      "engines": {
        "node": ">= 14.15.0"
      },
      "peerDependencies": {
        "@aws-cdk/assets": "1.191.0",
        "@aws-cdk/aws-iam": "1.191.0",
        "@aws-cdk/aws-kms": "1.191.0",
        "@aws-cdk/aws-s3": "1.191.0",
        "@aws-cdk/core": "1.191.0",
        "@aws-cdk/cx-api": "1.191.0",
        "constructs": "^3.3.69"
      }
    },
    "node_modules/@aws-cdk/aws-s3-deployment": {
      "version": "1.191.0",
      "resolved": "https://registry.npmjs.org/@aws-cdk/aws-s3-deployment/-/aws-s3-deployment-1.191.0.tgz",
      "integrity": "sha512-rHR1kb78I1ncqHJjgadi/GRlnjjmUjmVKGN75STmLakvrcQd/AyeFbdsWVP8rfBHjiKGKd6sM/Ty0AEgIqErkw==",
      "bundleDependencies": [
        "case"
      ],
      "dependencies": {
        "@aws-cdk/aws-cloudfront": "1.191.0",
        "@aws-cdk/aws-ec2": "1.191.0",
        "@aws-cdk/aws-efs": "1.191.0",
        "@aws-cdk/aws-iam": "1.191.0",
        "@aws-cdk/aws-lambda": "1.191.0",
        "@aws-cdk/aws-logs": "1.191.0",
        "@aws-cdk/aws-s3": "1.191.0",
        "@aws-cdk/aws-s3-assets": "1.191.0",
        "@aws-cdk/core": "1.191.0",
        "@aws-cdk/lambda-layer-awscli": "1.191.0",
        "case": "1.6.3",
        "constructs": "^3.3.69"
      },
      "engines": {
        "node": ">= 14.15.0"
      },
      "peerDependencies": {
        "@aws-cdk/aws-cloudfront": "1.191.0",
        "@aws-cdk/aws-ec2": "1.191.0",
        "@aws-cdk/aws-efs": "1.191.0",
        "@aws-cdk/aws-iam": "1.191.0",
        "@aws-cdk/aws-lambda": "1.191.0",
        "@aws-cdk/aws-logs": "1.191.0",
        "@aws-cdk/aws-s3": "1.191.0",
        "@aws-cdk/aws-s3-assets": "1.191.0",
        "@aws-cdk/core": "1.191.0",
        "@aws-cdk/lambda-layer-awscli": "1.191.0",
        "constructs": "^3.3.69"
      }
    },
    "node_modules/@aws-cdk/aws-s3-deployment/node_modules/case": {
      "version": "1.6.3",
      "inBundle": true,
      "license": "(MIT OR GPL-3.0-or-later)",
      "engines": {
        "node": ">= 0.8.0"
      }
    },
    "node_modules/@aws-cdk/aws-signer": {
      "version": "1.191.0",
      "resolved": "https://registry.npmjs.org/@aws-cdk/aws-signer/-/aws-signer-1.191.0.tgz",
      "integrity": "sha512-014hsWNA6eq5hhxNi0sg17GbY9bOfAJ9lkJ9kHgoa5yH4WphBISKIYW3jyTxIfcykecKW9q4g5mbjVD2JdkYdA==",
      "dependencies": {
        "@aws-cdk/core": "1.191.0",
        "constructs": "^3.3.69"
      },
      "engines": {
        "node": ">= 14.15.0"
      },
      "peerDependencies": {
        "@aws-cdk/core": "1.191.0",
        "constructs": "^3.3.69"
      }
    },
    "node_modules/@aws-cdk/aws-sns": {
      "version": "1.191.0",
      "resolved": "https://registry.npmjs.org/@aws-cdk/aws-sns/-/aws-sns-1.191.0.tgz",
      "integrity": "sha512-c++IgVipVFybwR6/aTTSUKXw4PBamHU+mlyFd3Cotqft9JCrlJIj8Lvu1rbZwPmPaVwzRR/MPZgYxFtjFk+ptQ==",
      "dependencies": {
        "@aws-cdk/aws-cloudwatch": "1.191.0",
        "@aws-cdk/aws-codestarnotifications": "1.191.0",
        "@aws-cdk/aws-events": "1.191.0",
        "@aws-cdk/aws-iam": "1.191.0",
        "@aws-cdk/aws-kms": "1.191.0",
        "@aws-cdk/aws-sqs": "1.191.0",
        "@aws-cdk/core": "1.191.0",
        "constructs": "^3.3.69"
      },
      "engines": {
        "node": ">= 14.15.0"
      },
      "peerDependencies": {
        "@aws-cdk/aws-cloudwatch": "1.191.0",
        "@aws-cdk/aws-codestarnotifications": "1.191.0",
        "@aws-cdk/aws-events": "1.191.0",
        "@aws-cdk/aws-iam": "1.191.0",
        "@aws-cdk/aws-kms": "1.191.0",
        "@aws-cdk/aws-sqs": "1.191.0",
        "@aws-cdk/core": "1.191.0",
        "constructs": "^3.3.69"
      }
    },
    "node_modules/@aws-cdk/aws-sqs": {
      "version": "1.191.0",
      "resolved": "https://registry.npmjs.org/@aws-cdk/aws-sqs/-/aws-sqs-1.191.0.tgz",
      "integrity": "sha512-qULxio3nAYB+b42l4ozyavd2rPpnSmTBuE7W9PktqBaoqItMLJLx+oHXNV0EMcbdnhHrvTh+hUIMWXRRcfGUNA==",
      "dependencies": {
        "@aws-cdk/aws-cloudwatch": "1.191.0",
        "@aws-cdk/aws-iam": "1.191.0",
        "@aws-cdk/aws-kms": "1.191.0",
        "@aws-cdk/core": "1.191.0",
        "constructs": "^3.3.69"
      },
      "engines": {
        "node": ">= 14.15.0"
      },
      "peerDependencies": {
        "@aws-cdk/aws-cloudwatch": "1.191.0",
        "@aws-cdk/aws-iam": "1.191.0",
        "@aws-cdk/aws-kms": "1.191.0",
        "@aws-cdk/core": "1.191.0",
        "constructs": "^3.3.69"
      }
    },
    "node_modules/@aws-cdk/aws-ssm": {
      "version": "1.191.0",
      "resolved": "https://registry.npmjs.org/@aws-cdk/aws-ssm/-/aws-ssm-1.191.0.tgz",
      "integrity": "sha512-M/HNwuySQNcXZs/bJZweMvKtknSExWG9rFz8uF6LL9LiKIYixWgjdkV7i/38h+18I1mXACu276LPpmAHO8Irjg==",
      "dependencies": {
        "@aws-cdk/aws-iam": "1.191.0",
        "@aws-cdk/aws-kms": "1.191.0",
        "@aws-cdk/cloud-assembly-schema": "1.191.0",
        "@aws-cdk/core": "1.191.0",
        "constructs": "^3.3.69"
      },
      "engines": {
        "node": ">= 14.15.0"
      },
      "peerDependencies": {
        "@aws-cdk/aws-iam": "1.191.0",
        "@aws-cdk/aws-kms": "1.191.0",
        "@aws-cdk/cloud-assembly-schema": "1.191.0",
        "@aws-cdk/core": "1.191.0",
        "constructs": "^3.3.69"
      }
    },
    "node_modules/@aws-cdk/cloud-assembly-schema": {
      "version": "1.191.0",
      "resolved": "https://registry.npmjs.org/@aws-cdk/cloud-assembly-schema/-/cloud-assembly-schema-1.191.0.tgz",
      "integrity": "sha512-HHRvvoY2WA1kDUgsJ+sCz1XWPU0+fZ9h9HekYqrSNsAihD9kUnswvK/7LwdlQmdLld+ZmeWTbCB3rkL5LzRzKw==",
      "bundleDependencies": [
        "jsonschema",
        "semver"
      ],
      "dependencies": {
        "jsonschema": "^1.4.1",
        "semver": "^7.3.8"
      },
      "engines": {
        "node": ">= 14.15.0"
      }
    },
    "node_modules/@aws-cdk/cloud-assembly-schema/node_modules/jsonschema": {
      "version": "1.4.1",
      "inBundle": true,
      "license": "MIT",
      "engines": {
        "node": "*"
      }
    },
    "node_modules/@aws-cdk/cloud-assembly-schema/node_modules/lru-cache": {
      "version": "6.0.0",
      "inBundle": true,
      "license": "ISC",
      "dependencies": {
        "yallist": "^4.0.0"
      },
      "engines": {
        "node": ">=10"
      }
    },
    "node_modules/@aws-cdk/cloud-assembly-schema/node_modules/semver": {
      "version": "7.3.8",
      "inBundle": true,
      "license": "ISC",
      "dependencies": {
        "lru-cache": "^6.0.0"
      },
      "bin": {
        "semver": "bin/semver.js"
      },
      "engines": {
        "node": ">=10"
      }
    },
    "node_modules/@aws-cdk/cloud-assembly-schema/node_modules/yallist": {
      "version": "4.0.0",
      "inBundle": true,
      "license": "ISC"
    },
    "node_modules/@aws-cdk/core": {
      "version": "1.191.0",
      "resolved": "https://registry.npmjs.org/@aws-cdk/core/-/core-1.191.0.tgz",
      "integrity": "sha512-emo5mLjs6dPB7PpDFQ70R4273REN8TndrlVM04Kcac6d2LhTRFhiiCm71c574iWaTBjmZVNyVzwGiN1Nh4uNNw==",
      "bundleDependencies": [
        "fs-extra",
        "minimatch",
        "@balena/dockerignore",
        "ignore"
      ],
      "dependencies": {
        "@aws-cdk/cloud-assembly-schema": "1.191.0",
        "@aws-cdk/cx-api": "1.191.0",
        "@aws-cdk/region-info": "1.191.0",
        "@balena/dockerignore": "^1.0.2",
        "constructs": "^3.3.69",
        "fs-extra": "^9.1.0",
        "ignore": "^5.2.4",
        "minimatch": "^3.1.2"
      },
      "engines": {
        "node": ">= 14.15.0"
      },
      "peerDependencies": {
        "@aws-cdk/cloud-assembly-schema": "1.191.0",
        "@aws-cdk/cx-api": "1.191.0",
        "@aws-cdk/region-info": "1.191.0",
        "constructs": "^3.3.69"
      }
    },
    "node_modules/@aws-cdk/core/node_modules/@balena/dockerignore": {
      "version": "1.0.2",
      "inBundle": true,
      "license": "Apache-2.0"
    },
    "node_modules/@aws-cdk/core/node_modules/at-least-node": {
      "version": "1.0.0",
      "inBundle": true,
      "license": "ISC",
      "engines": {
        "node": ">= 4.0.0"
      }
    },
    "node_modules/@aws-cdk/core/node_modules/balanced-match": {
      "version": "1.0.2",
      "inBundle": true,
      "license": "MIT"
    },
    "node_modules/@aws-cdk/core/node_modules/brace-expansion": {
      "version": "1.1.11",
      "inBundle": true,
      "license": "MIT",
      "dependencies": {
        "balanced-match": "^1.0.0",
        "concat-map": "0.0.1"
      }
    },
    "node_modules/@aws-cdk/core/node_modules/concat-map": {
      "version": "0.0.1",
      "inBundle": true,
      "license": "MIT"
    },
    "node_modules/@aws-cdk/core/node_modules/fs-extra": {
      "version": "9.1.0",
      "inBundle": true,
      "license": "MIT",
      "dependencies": {
        "at-least-node": "^1.0.0",
        "graceful-fs": "^4.2.0",
        "jsonfile": "^6.0.1",
        "universalify": "^2.0.0"
      },
      "engines": {
        "node": ">=10"
      }
    },
    "node_modules/@aws-cdk/core/node_modules/graceful-fs": {
      "version": "4.2.10",
      "inBundle": true,
      "license": "ISC"
    },
    "node_modules/@aws-cdk/core/node_modules/ignore": {
      "version": "5.2.4",
      "inBundle": true,
      "license": "MIT",
      "engines": {
        "node": ">= 4"
      }
    },
    "node_modules/@aws-cdk/core/node_modules/jsonfile": {
      "version": "6.1.0",
      "inBundle": true,
      "license": "MIT",
      "dependencies": {
        "universalify": "^2.0.0"
      },
      "optionalDependencies": {
        "graceful-fs": "^4.1.6"
      }
    },
    "node_modules/@aws-cdk/core/node_modules/minimatch": {
      "version": "3.1.2",
      "inBundle": true,
      "license": "ISC",
      "dependencies": {
        "brace-expansion": "^1.1.7"
      },
      "engines": {
        "node": "*"
      }
    },
    "node_modules/@aws-cdk/core/node_modules/universalify": {
      "version": "2.0.0",
      "inBundle": true,
      "license": "MIT",
      "engines": {
        "node": ">= 10.0.0"
      }
    },
    "node_modules/@aws-cdk/custom-resources": {
      "version": "1.191.0",
      "resolved": "https://registry.npmjs.org/@aws-cdk/custom-resources/-/custom-resources-1.191.0.tgz",
      "integrity": "sha512-7Tnxcsok6CR3t0+kOYOURIJg8DdCNm6Ug1vOU9nz8691OG5cBMJtbVGK8AAhfRFUcazkpt+NT686FnZ4pR2WMA==",
      "dependencies": {
        "@aws-cdk/aws-cloudformation": "1.191.0",
        "@aws-cdk/aws-ec2": "1.191.0",
        "@aws-cdk/aws-iam": "1.191.0",
        "@aws-cdk/aws-lambda": "1.191.0",
        "@aws-cdk/aws-logs": "1.191.0",
        "@aws-cdk/aws-sns": "1.191.0",
        "@aws-cdk/core": "1.191.0",
        "constructs": "^3.3.69"
      },
      "engines": {
        "node": ">= 14.15.0"
      },
      "peerDependencies": {
        "@aws-cdk/aws-cloudformation": "1.191.0",
        "@aws-cdk/aws-ec2": "1.191.0",
        "@aws-cdk/aws-iam": "1.191.0",
        "@aws-cdk/aws-lambda": "1.191.0",
        "@aws-cdk/aws-logs": "1.191.0",
        "@aws-cdk/aws-sns": "1.191.0",
        "@aws-cdk/core": "1.191.0",
        "constructs": "^3.3.69"
      }
    },
    "node_modules/@aws-cdk/cx-api": {
      "version": "1.191.0",
      "resolved": "https://registry.npmjs.org/@aws-cdk/cx-api/-/cx-api-1.191.0.tgz",
      "integrity": "sha512-1jcUky+05aobchZr6KrbWgqDizIUYSLkJMFqLkWSBaOPCyhqv+5gzOBjlRf1DtxQibM/GAHYtNm0sP4RQRnh/w==",
      "bundleDependencies": [
        "semver"
      ],
      "dependencies": {
        "@aws-cdk/cloud-assembly-schema": "1.191.0",
        "semver": "^7.3.8"
      },
      "engines": {
        "node": ">= 14.15.0"
      },
      "peerDependencies": {
        "@aws-cdk/cloud-assembly-schema": "1.191.0"
      }
    },
    "node_modules/@aws-cdk/cx-api/node_modules/lru-cache": {
      "version": "6.0.0",
      "inBundle": true,
      "license": "ISC",
      "dependencies": {
        "yallist": "^4.0.0"
      },
      "engines": {
        "node": ">=10"
      }
    },
    "node_modules/@aws-cdk/cx-api/node_modules/semver": {
      "version": "7.3.8",
      "inBundle": true,
      "license": "ISC",
      "dependencies": {
        "lru-cache": "^6.0.0"
      },
      "bin": {
        "semver": "bin/semver.js"
      },
      "engines": {
        "node": ">=10"
      }
    },
    "node_modules/@aws-cdk/cx-api/node_modules/yallist": {
      "version": "4.0.0",
      "inBundle": true,
      "license": "ISC"
    },
    "node_modules/@aws-cdk/lambda-layer-awscli": {
      "version": "1.191.0",
      "resolved": "https://registry.npmjs.org/@aws-cdk/lambda-layer-awscli/-/lambda-layer-awscli-1.191.0.tgz",
      "integrity": "sha512-R677YMlJkTchocz6JL2PE5i1gIHsqBfQ9KRE1/lSfV+q0VdAb7/2M/CUIQ4rNNTAwrVL0mObYsrk8ehc1nE+NQ==",
      "dependencies": {
        "@aws-cdk/aws-lambda": "1.191.0",
        "@aws-cdk/core": "1.191.0",
        "constructs": "^3.3.69"
      },
      "engines": {
        "node": ">= 14.15.0"
      },
      "peerDependencies": {
        "@aws-cdk/aws-lambda": "1.191.0",
        "@aws-cdk/core": "1.191.0",
        "constructs": "^3.3.69"
      }
    },
    "node_modules/@aws-cdk/region-info": {
      "version": "1.191.0",
      "resolved": "https://registry.npmjs.org/@aws-cdk/region-info/-/region-info-1.191.0.tgz",
      "integrity": "sha512-MRTuga31TPNEnyZIkqjE+9/3K6/2pfqLTthrDLVM+JMPkcSbzjKyYIWANcyXj8gbOlJYWlJ+lI8LGwO3Dyq+Pw==",
      "engines": {
        "node": ">= 14.15.0"
      }
    },
    "node_modules/@types/node": {
      "version": "10.17.60",
      "resolved": "https://registry.npmjs.org/@types/node/-/node-10.17.60.tgz",
      "integrity": "sha512-F0KIgDJfy2nA3zMLmWGKxcH2ZVEtCZXHHdOQs2gSaQ27+lNeEfGxzkIw90aXswATX7AZ33tahPbzy6KAfUreVw==",
      "dev": true
    },
    "node_modules/aws-cdk": {
      "version": "1.191.0",
      "resolved": "https://registry.npmjs.org/aws-cdk/-/aws-cdk-1.191.0.tgz",
      "integrity": "sha512-qcOq+4VrHsGbG754jCSLuLEcAKsHgTYoEBCuZmOwF+bUCJHUXWyiPISceiXdIgaxSwoCMZnOwzAJ99OWKFI8fw==",
      "dev": true,
      "bin": {
        "cdk": "bin/cdk"
      },
      "engines": {
        "node": ">= 14.15.0"
      },
      "optionalDependencies": {
        "fsevents": "2.3.2"
      }
    },
    "node_modules/constructs": {
      "version": "3.4.239",
      "resolved": "https://registry.npmjs.org/constructs/-/constructs-3.4.239.tgz",
      "integrity": "sha512-Fjmf90b2AqLZwEdjp88+2fNWhwJAqLseaUSbR2PVApPT3+h4RJj96rPYSo3QEMzo1yFBl/5EqfrqsFqev1/NvA==",
      "engines": {
        "node": ">= 14.17.0"
      }
    },
    "node_modules/fsevents": {
      "version": "2.3.2",
      "resolved": "https://registry.npmjs.org/fsevents/-/fsevents-2.3.2.tgz",
      "integrity": "sha512-xiqMQR4xAeHTuB9uWm+fFRcIOgKBMiOBP+eXiyT7jsgVCq1bkVygt00oASowB7EdtpOHaaPgKt812P9ab+DDKA==",
      "dev": true,
      "hasInstallScript": true,
      "optional": true,
      "os": [
        "darwin"
      ],
      "engines": {
        "node": "^8.16.0 || ^10.6.0 || >=11.0.0"
      }
    },
    "node_modules/typescript": {
      "version": "3.9.10",
      "resolved": "https://registry.npmjs.org/typescript/-/typescript-3.9.10.tgz",
      "integrity": "sha512-w6fIxVE/H1PkLKcCPsFqKE7Kv7QUwhU8qQY2MueZXWx5cPZdwFupLgKK3vntcK98BtNHZtAF4LA/yl2a7k8R6Q==",
      "dev": true,
      "bin": {
        "tsc": "bin/tsc",
        "tsserver": "bin/tsserver"
      },
      "engines": {
        "node": ">=4.2.0"
      }
    }
  }
}
